lockfileVersion: 5.4

specifiers:
  codemirror: 5.65.12
  prettier: 2.8.4

dependencies:
  codemirror: 5.65.12

devDependencies:
  prettier: 2.8.4

packages:

  /codemirror/5.65.12:
    resolution: {integrity: sha512-z2jlHBocElRnPYysN2HAuhXbO3DNB0bcSKmNz3hcWR2Js2Dkhc1bEOxG93Z3DeUrnm+qx56XOY5wQmbP5KY0sw==}
    dev: false

  /prettier/2.8.4:
    resolution: {integrity: sha512-vIS4Rlc2FNh0BySk3Wkd6xmwxB0FpOndW5fisM5H8hsZSxU2VWVB5CWIkIjWvrHjIhxk2g3bfMKM87zNTrZddw==}
    engines: {node: '>=10.13.0'}
    hasBin: true
    dev: true
